
Microsoft Visual Studio Solution File, Format Version 12.00
# Visual Studio 15
VisualStudioVersion = 15.0.28010.2036
MinimumVisualStudioVersion = 10.0.40219.1
Project("{FAE04EC0-301F-11D3-BF4B-00C04F79EFBC}") = "Avarice", "Avarice\Avarice.csproj", "{33692FAD-DCB0-4D72-9B76-8AE9013E09DE}"
EndProject
Global
	GlobalSection(SolutionConfigurationPlatforms) = preSolution
		Debug|Any CPU = Debug|Any CPU
		Release|Any CPU = Release|Any CPU
	EndGlobalSection
	GlobalSection(ProjectConfigurationPlatforms) = postSolution
		{33692FAD-DCB0-4D72-9B76-8AE9013E09DE}.Debug|Any CPU.ActiveCfg = Debug|Any CPU
		{33692FAD-DCB0-4D72-9B76-8AE9013E09DE}.Debug|Any CPU.Build.0 = Debug|Any CPU
		{33692FAD-DCB0-4D72-9B76-8AE9013E09DE}.Release|Any CPU.ActiveCfg = Release|Any CPU
		{33692FAD-DCB0-4D72-9B76-8AE9013E09DE}.Release|Any CPU.Build.0 = Release|Any CPU
	EndGlobalSection
	GlobalSection(SolutionProperties) = preSolution
		HideSolutionNode = FALSE
	EndGlobalSection
	GlobalSection(ExtensibilityGlobals) = postSolution
		SolutionGuid = {44831484-ADA0-4D23-9B30-696494C32F78}
	EndGlobalSection
EndGlobal
